
Microsoft Visual Studio Solution File, Format Version 12.00
# Visual Studio Version 17
VisualStudioVersion = 17.10.35027.167
MinimumVisualStudioVersion = 10.0.40219.1
Project("{8BC9CEB8-8B4A-11D0-8D11-00A0C91BC942}") = "FaceDetection", "FaceDetection\FaceDetection.vcxproj", "{075495AB-AB77-45C6-9DE0-8E5F5F0DC2DC}"
EndProject
Global
	GlobalSection(SolutionConfigurationPlatforms) = preSolution
		Debug|x64 = Debug|x64
		Debug|x86 = Debug|x86
		Release|x64 = Release|x64
		Release|x86 = Release|x86
	EndGlobalSection
	GlobalSection(ProjectConfigurationPlatforms) = postSolution
		{075495AB-AB77-45C6-9DE0-8E5F5F0DC2DC}.Debug|x64.ActiveCfg = Debug|x64
		{075495AB-AB77-45C6-9DE0-8E5F5F0DC2DC}.Debug|x64.Build.0 = Debug|x64
		{075495AB-AB77-45C6-9DE0-8E5F5F0DC2DC}.Debug|x86.ActiveCfg = Debug|Win32
		{075495AB-AB77-45C6-9DE0-8E5F5F0DC2DC}.Debug|x86.Build.0 = Debug|Win32
		{075495AB-AB77-45C6-9DE0-8E5F5F0DC2DC}.Release|x64.ActiveCfg = Release|x64
		{075495AB-AB77-45C6-9DE0-8E5F5F0DC2DC}.Release|x64.Build.0 = Release|x64
		{075495AB-AB77-45C6-9DE0-8E5F5F0DC2DC}.Release|x86.ActiveCfg = Release|Win32
		{075495AB-AB77-45C6-9DE0-8E5F5F0DC2DC}.Release|x86.Build.0 = Release|Win32
	EndGlobalSection
	GlobalSection(SolutionProperties) = preSolution
		HideSolutionNode = FALSE
	EndGlobalSection
	GlobalSection(ExtensibilityGlobals) = postSolution
		SolutionGuid = {16C3E466-8EF5-4865-A9F3-AB892B5BFF0A}
	EndGlobalSection
EndGlobal
